{
  "nodes": {
    "fenix": {
      "inputs": {
        "nixpkgs": "nixpkgs",
        "rust-analyzer-src": "rust-analyzer-src"
      },
      "locked": {
        "lastModified": 1662447736,
        "narHash": "sha256-HMnv/9V5JekVlBCdb4k9CzhW3UHJ1fi41bI5Kwi19EE=",
        "owner": "nix-community",
        "repo": "fenix",
        "rev": "1bdc5042356c21bdf8075dd63f291cf77bb77b92",
        "type": "github"
      },
      "original": {
        "owner": "nix-community",
        "repo": "fenix",
        "type": "github"
      }
    },
    "flake-utils": {
      "locked": {
        "lastModified": 1653893745,
        "narHash": "sha256-0jntwV3Z8//YwuOjzhV2sgJJPt+HY6KhU7VZUL0fKZQ=",
        "owner": "numtide",
        "repo": "flake-utils",
        "rev": "1ed9fb1935d260de5fe1c2f7ee0ebaae17ed2fa1",
        "type": "github"
      },
      "original": {
        "owner": "numtide",
        "repo": "flake-utils",
        "type": "github"
      }
    },
    "genie-src": {
      "flake": false,
      "locked": {
        "lastModified": 1639236213,
        "narHash": "sha256-+6xlyWlBJOt/RTx36UrqO0e8tyuX90UKyzFHSAJeCY4=",
        "owner": "bkaradzic",
        "repo": "genie",
        "rev": "7860ea4ae5b2e398276dcdd138032c979301348e",
        "type": "github"
      },
      "original": {
        "owner": "bkaradzic",
        "repo": "genie",
        "type": "github"
      }
    },
    "naersk": {
      "inputs": {
        "nixpkgs": [
          "fenix",
          "nixpkgs"
        ]
      },
      "locked": {
        "lastModified": 1662220400,
        "narHash": "sha256-9o2OGQqu4xyLZP9K6kNe1pTHnyPz0Wr3raGYnr9AIgY=",
        "owner": "nix-community",
        "repo": "naersk",
        "rev": "6944160c19cb591eb85bbf9b2f2768a935623ed3",
        "type": "github"
      },
      "original": {
        "owner": "nix-community",
        "repo": "naersk",
        "type": "github"
      }
    },
    "nix-filter": {
      "locked": {
        "lastModified": 1653590866,
        "narHash": "sha256-E4yKIrt/S//WfW5D9IhQ1dVuaAy8RE7EiCMfnbrOC78=",
        "owner": "numtide",
        "repo": "nix-filter",
        "rev": "3e81a637cdf9f6e9b39aeb4d6e6394d1ad158e16",
        "type": "github"
      },
      "original": {
        "owner": "numtide",
        "repo": "nix-filter",
        "type": "github"
      }
    },
    "nixpkgs": {
      "locked": {
        "lastModified": 1662019588,
        "narHash": "sha256-oPEjHKGGVbBXqwwL+UjsveJzghWiWV0n9ogo1X6l4cw=",
        "owner": "nixos",
        "repo": "nixpkgs",
        "rev": "2da64a81275b68fdad38af669afeda43d401e94b",
        "type": "github"
      },
      "original": {
        "owner": "nixos",
        "ref": "nixos-unstable",
        "repo": "nixpkgs",
        "type": "github"
      }
    },
    "nixpkgs_2": {
      "locked": {
        "lastModified": 1662874738,
        "narHash": "sha256-kG29aU9f5UTWhPf/QEh5LanDmqqbbcErWYAcPptC/Cg=",
        "owner": "nixos",
        "repo": "nixpkgs",
        "rev": "dd1f4d982445a7d1b1869baa42f8f0f9bc606714",
        "type": "github"
      },
      "original": {
        "owner": "nixos",
        "ref": "nixos-22.05",
        "repo": "nixpkgs",
        "type": "github"
      }
    },
    "root": {
      "inputs": {
        "fenix": "fenix",
        "flake-utils": "flake-utils",
        "genie-src": "genie-src",
        "naersk": "naersk",
        "nix-filter": "nix-filter",
        "nixpkgs": "nixpkgs_2",
        "spirv-cross-src": "spirv-cross-src"
      }
    },
    "rust-analyzer-src": {
      "flake": false,
      "locked": {
        "lastModified": 1662377094,
        "narHash": "sha256-0bvOQxEe8nzk/VlhHBrUn/Mz3DlE92Us7JqveVjTe0A=",
        "owner": "rust-lang",
        "repo": "rust-analyzer",
        "rev": "6dfd8aebdfa1ee1824446f01daf5bdb229b32f92",
        "type": "github"
      },
      "original": {
        "owner": "rust-lang",
        "ref": "nightly",
        "repo": "rust-analyzer",
        "type": "github"
      }
    },
    "spirv-cross-src": {
      "flake": false,
      "locked": {
        "lastModified": 1648146442,
        "narHash": "sha256-OluTxOEfDIGMdrXhvIifjpMgZBvyh9ofLKxKt0dX5ZU=",
        "owner": "KhronosGroup",
        "repo": "SPIRV-Cross",
        "rev": "0d4ce028bf8b8a94d325dc1e1c20446153ba19c4",
        "type": "github"
      },
      "original": {
        "owner": "KhronosGroup",
        "repo": "SPIRV-Cross",
        "type": "github"
      }
    }
  },
  "root": "root",
  "version": 7
}
